
Microsoft Visual Studio Solution File, Format Version 12.00
# Visual Studio 2013
Project("{FAE04EC0-301F-11D3-BF4B-00C04F79EFBC}") = "UnityVS.NodeEditor.CSharp", "UnityVS.NodeEditor.CSharp.csproj", "{CB6EA6BE-BB4D-0455-F92A-1EE04F12B617}"
EndProject
Project("{FAE04EC0-301F-11D3-BF4B-00C04F79EFBC}") = "UnityVS.NodeEditor.CSharp.Editor", "UnityVS.NodeEditor.CSharp.Editor.csproj", "{CF5BC7B3-B70C-E4EB-1CD0-53CA406BF63A}"
EndProject
Global
	GlobalSection(SolutionConfigurationPlatforms) = preSolution
		Debug|Any CPU = Debug|Any CPU
		Release|Any CPU = Release|Any CPU
	EndGlobalSection
	GlobalSection(ProjectConfigurationPlatforms) = postSolution
		{CB6EA6BE-BB4D-0455-F92A-1EE04F12B617}.Debug|Any CPU.ActiveCfg = Debug|Any CPU
		{CB6EA6BE-BB4D-0455-F92A-1EE04F12B617}.Debug|Any CPU.Build.0 = Debug|Any CPU
		{CB6EA6BE-BB4D-0455-F92A-1EE04F12B617}.Release|Any CPU.ActiveCfg = Release|Any CPU
		{CB6EA6BE-BB4D-0455-F92A-1EE04F12B617}.Release|Any CPU.Build.0 = Release|Any CPU
		{CF5BC7B3-B70C-E4EB-1CD0-53CA406BF63A}.Debug|Any CPU.ActiveCfg = Debug|Any CPU
		{CF5BC7B3-B70C-E4EB-1CD0-53CA406BF63A}.Debug|Any CPU.Build.0 = Debug|Any CPU
		{CF5BC7B3-B70C-E4EB-1CD0-53CA406BF63A}.Release|Any CPU.ActiveCfg = Release|Any CPU
		{CF5BC7B3-B70C-E4EB-1CD0-53CA406BF63A}.Release|Any CPU.Build.0 = Release|Any CPU
	EndGlobalSection
	GlobalSection(SolutionProperties) = preSolution
		HideSolutionNode = FALSE
	EndGlobalSection
EndGlobal
